// !$*UTF8*$!
{
	archiveVersion = 1;
	classes = {
	};
	objectVersion = 50;
	objects = {

/* Begin PBXBuildFile section */
		69D6A780255D438E00C8EC83 /* AppDelegate.swift in Sources */ = {isa = PBXBuildFile; fileRef = 69D6A77F255D438E00C8EC83 /* AppDelegate.swift */; };
		69D6A782255D438E00C8EC83 /* SceneDelegate.swift in Sources */ = {isa = PBXBuildFile; fileRef = 69D6A781255D438E00C8EC83 /* SceneDelegate.swift */; };
		69D6A787255D438E00C8EC83 /* Main.storyboard in Resources */ = {isa = PBXBuildFile; fileRef = 69D6A785255D438E00C8EC83 /* Main.storyboard */; };
		69D6A789255D439100C8EC83 /* Assets.xcassets in Resources */ = {isa = PBXBuildFile; fileRef = 69D6A788255D439100C8EC83 /* Assets.xcassets */; };
		69D6A78C255D439100C8EC83 /* LaunchScreen.storyboard in Resources */ = {isa = PBXBuildFile; fileRef = 69D6A78A255D439100C8EC83 /* LaunchScreen.storyboard */; };
		69D6A796255D479100C8EC83 /* TableViewController.swift in Sources */ = {isa = PBXBuildFile; fileRef = 69D6A795255D479100C8EC83 /* TableViewController.swift */; };
		69D6A79A255D5D3000C8EC83 /* TableViewCell.swift in Sources */ = {isa = PBXBuildFile; fileRef = 69D6A799255D5D3000C8EC83 /* TableViewCell.swift */; };
		69D6A79C255D61C600C8EC83 /* EditViewController.swift in Sources */ = {isa = PBXBuildFile; fileRef = 69D6A79B255D61C600C8EC83 /* EditViewController.swift */; };
/* End PBXBuildFile section */

/* Begin PBXFileReference section */
		69D6A77C255D438E00C8EC83 /* TODOList.app */ = {isa = PBXFileReference; explicitFileType = wrapper.application; includeInIndex = 0; path = TODOList.app; sourceTree = BUILT_PRODUCTS_DIR; };
		69D6A77F255D438E00C8EC83 /* AppDelegate.swift */ = {isa = PBXFileReference; lastKnownFileType = sourcecode.swift; path = AppDelegate.swift; sourceTree = "<group>"; };
		69D6A781255D438E00C8EC83 /* SceneDelegate.swift */ = {isa = PBXFileReference; lastKnownFileType = sourcecode.swift; path = SceneDelegate.swift; sourceTree = "<group>"; };
		69D6A786255D438E00C8EC83 /* Base */ = {isa = PBXFileReference; lastKnownFileType = file.storyboard; name = Base; path = Base.lproj/Main.storyboard; sourceTree = "<group>"; };
		69D6A788255D439100C8EC83 /* Assets.xcassets */ = {isa = PBXFileReference; lastKnownFileType = folder.assetcatalog; path = Assets.xcassets; sourceTree = "<group>"; };
		69D6A78B255D439100C8EC83 /* Base */ = {isa = PBXFileReference; lastKnownFileType = file.storyboard; name = Base; path = Base.lproj/LaunchScreen.storyboard; sourceTree = "<group>"; };
		69D6A78D255D439100C8EC83 /* Info.plist */ = {isa = PBXFileReference; lastKnownFileType = text.plist.xml; path = Info.plist; sourceTree = "<group>"; };
		69D6A795255D479100C8EC83 /* TableViewController.swift */ = {isa = PBXFileReference; lastKnownFileType = sourcecode.swift; path = TableViewController.swift; sourceTree = "<group>"; };
		69D6A799255D5D3000C8EC83 /* TableViewCell.swift */ = {isa = PBXFileReference; lastKnownFileType = sourcecode.swift; path = TableViewCell.swift; sourceTree = "<group>"; };
		69D6A79B255D61C600C8EC83 /* EditViewController.swift */ = {isa = PBXFileReference; lastKnownFileType = sourcecode.swift; path = EditViewController.swift; sourceTree = "<group>"; };
/* End PBXFileReference section */

/* Begin PBXFrameworksBuildPhase section */
		69D6A779255D438E00C8EC83 /* Frameworks */ = {
			isa = PBXFrameworksBuildPhase;
			buildActionMask = 2147483647;
			files = (
			);
			runOnlyForDeploymentPostprocessing = 0;
		};
/* End PBXFrameworksBuildPhase section */

/* Begin PBXGroup section */
		69D6A773255D438E00C8EC83 = {
			isa = PBXGroup;
			children = (
				69D6A77E255D438E00C8EC83 /* TODOList */,
				69D6A77D255D438E00C8EC83 /* Products */,
			);
			sourceTree = "<group>";
		};
		69D6A77D255D438E00C8EC83 /* Products */ = {
			isa = PBXGroup;
			children = (
				69D6A77C255D438E00C8EC83 /* TODOList.app */,
			);
			name = Products;
			sourceTree = "<group>";
		};
		69D6A77E255D438E00C8EC83 /* TODOList */ = {
			isa = PBXGroup;
			children = (
				69D6A77F255D438E00C8EC83 /* AppDelegate.swift */,
				69D6A781255D438E00C8EC83 /* SceneDelegate.swift */,
				69D6A785255D438E00C8EC83 /* Main.storyboard */,
				69D6A788255D439100C8EC83 /* Assets.xcassets */,
				69D6A78A255D439100C8EC83 /* LaunchScreen.storyboard */,
				69D6A78D255D439100C8EC83 /* Info.plist */,
				69D6A795255D479100C8EC83 /* TableViewController.swift */,
				69D6A799255D5D3000C8EC83 /* TableViewCell.swift */,
				69D6A79B255D61C600C8EC83 /* EditViewController.swift */,
			);
			path = TODOList;
			sourceTree = "<group>";
		};
/* End PBXGroup section */

/* Begin PBXNativeTarget section */
		69D6A77B255D438E00C8EC83 /* TODOList */ = {
			isa = PBXNativeTarget;
			buildConfigurationList = 69D6A790255D439100C8EC83 /* Build configuration list for PBXNativeTarget "TODOList" */;
			buildPhases = (
				69D6A778255D438E00C8EC83 /* Sources */,
				69D6A779255D438E00C8EC83 /* Frameworks */,
				69D6A77A255D438E00C8EC83 /* Resources */,
			);
			buildRules = (
			);
			dependencies = (
			);
			name = TODOList;
			productName = TODOList;
			productReference = 69D6A77C255D438E00C8EC83 /* TODOList.app */;
			productType = "com.apple.product-type.application";
		};
/* End PBXNativeTarget section */

/* Begin PBXProject section */
		69D6A774255D438E00C8EC83 /* Project object */ = {
			isa = PBXProject;
			attributes = {
				LastSwiftUpdateCheck = 1170;
				LastUpgradeCheck = 1170;
				ORGANIZATIONNAME = "legion-11";
				TargetAttributes = {
					69D6A77B255D438E00C8EC83 = {
						CreatedOnToolsVersion = 11.7;
					};
				};
			};
			buildConfigurationList = 69D6A777255D438E00C8EC83 /* Build configuration list for PBXProject "TODOList" */;
			compatibilityVersion = "Xcode 9.3";
			developmentRegion = en;
			hasScannedForEncodings = 0;
			knownRegions = (
				en,
				Base,
			);
			mainGroup = 69D6A773255D438E00C8EC83;
			productRefGroup = 69D6A77D255D438E00C8EC83 /* Products */;
			projectDirPath = "";
			projectRoot = "";
			targets = (
				69D6A77B255D438E00C8EC83 /* TODOList */,
			);
		};
/* End PBXProject section */

/* Begin PBXResourcesBuildPhase section */
		69D6A77A255D438E00C8EC83 /* Resources */ = {
			isa = PBXResourcesBuildPhase;
			buildActionMask = 2147483647;
			files = (
				69D6A78C255D439100C8EC83 /* LaunchScreen.storyboard in Resources */,
				69D6A789255D439100C8EC83 /* Assets.xcassets in Resources */,
				69D6A787255D438E00C8EC83 /* Main.storyboard in Resources */,
			);
			runOnlyForDeploymentPostprocessing = 0;
		};
/* End PBXResourcesBuildPhase section */

/* Begin PBXSourcesBuildPhase section */
		69D6A778255D438E00C8EC83 /* Sources */ = {
			isa = PBXSourcesBuildPhase;
			buildActionMask = 2147483647;
			files = (
				69D6A79C255D61C600C8EC83 /* EditViewController.swift in Sources */,
				69D6A780255D438E00C8EC83 /* AppDelegate.swift in Sources */,
				69D6A79A255D5D3000C8EC83 /* TableViewCell.swift in Sources */,
				69D6A782255D438E00C8EC83 /* SceneDelegate.swift in Sources */,
				69D6A796255D479100C8EC83 /* TableViewController.swift in Sources */,
			);
			runOnlyForDeploymentPostprocessing = 0;
		};
/* End PBXSourcesBuildPhase section */

/* Begin PBXVariantGroup section */
		69D6A785255D438E00C8EC83 /* Main.storyboard */ = {
			isa = PBXVariantGroup;
			children = (
				69D6A786255D438E00C8EC83 /* Base */,
			);
			name = Main.storyboard;
			sourceTree = "<group>";
		};
		69D6A78A255D439100C8EC83 /* LaunchScreen.storyboard */ = {
			isa = PBXVariantGroup;
			children = (
				69D6A78B255D439100C8EC83 /* Base */,
			);
			name = LaunchScreen.storyboard;
			sourceTree = "<group>";
		};
/* End PBXVariantGroup section */

/* Begin XCBuildConfiguration section */
		69D6A78E255D439100C8EC83 /* Debug */ = {
			isa = XCBuildConfiguration;
			buildSettings = {
				ALWAYS_SEARCH_USER_PATHS = NO;
				CLANG_ANALYZER_NONNULL = YES;
				CLANG_ANALYZER_NUMBER_OBJECT_CONVERSION = YES_AGGRESSIVE;
				CLANG_CXX_LANGUAGE_STANDARD = "gnu++14";
				CLANG_CXX_LIBRARY = "libc++";
				CLANG_ENABLE_MODULES = YES;
				CLANG_ENABLE_OBJC_ARC = YES;
				CLANG_ENABLE_OBJC_WEAK = YES;
				CLANG_WARN_BLOCK_CAPTURE_AUTORELEASING = YES;
				CLANG_WARN_BOOL_CONVERSION = YES;
				CLANG_WARN_COMMA = YES;
				CLANG_WARN_CONSTANT_CONVERSION = YES;
				CLANG_WARN_DEPRECATED_OBJC_IMPLEMENTATIONS = YES;
				CLANG_WARN_DIRECT_OBJC_ISA_USAGE = YES_ERROR;
				CLANG_WARN_DOCUMENTATION_COMMENTS = YES;
				CLANG_WARN_EMPTY_BODY = YES;
				CLANG_WARN_ENUM_CONVERSION = YES;
				CLANG_WARN_INFINITE_RECURSION = YES;
				CLANG_WARN_INT_CONVERSION = YES;
				CLANG_WARN_NON_LITERAL_NULL_CONVERSION = YES;
				CLANG_WARN_OBJC_IMPLICIT_RETAIN_SELF = YES;
				CLANG_WARN_OBJC_LITERAL_CONVERSION = YES;
				CLANG_WARN_OBJC_ROOT_CLASS = YES_ERROR;
				CLANG_WARN_RANGE_LOOP_ANALYSIS = YES;
				CLANG_WARN_STRICT_PROTOTYPES = YES;
				CLANG_WARN_SUSPICIOUS_MOVE = YES;
				CLANG_WARN_UNGUARDED_AVAILABILITY = YES_AGGRESSIVE;
				CLANG_WARN_UNREACHABLE_CODE = YES;
				CLANG_WARN__DUPLICATE_METHOD_MATCH = YES;
				COPY_PHASE_STRIP = NO;
				DEBUG_INFORMATION_FORMAT = dwarf;
				ENABLE_STRICT_OBJC_MSGSEND = YES;
				ENABLE_TESTABILITY = YES;
				GCC_C_LANGUAGE_STANDARD = gnu11;
				GCC_DYNAMIC_NO_PIC = NO;
				GCC_NO_COMMON_BLOCKS = YES;
				GCC_OPTIMIZATION_LEVEL = 0;
				GCC_PREPROCESSOR_DEFINITIONS = (
					"DEBUG=1",
					"$(inherited)",
				);
				GCC_WARN_64_TO_32_BIT_CONVERSION = YES;
				GCC_WARN_ABOUT_RETURN_TYPE = YES_ERROR;
				GCC_WARN_UNDECLARED_SELECTOR = YES;
				GCC_WARN_UNINITIALIZED_AUTOS = YES_AGGRESSIVE;
				GCC_WARN_UNUSED_FUNCTION = YES;
				GCC_WARN_UNUSED_VARIABLE = YES;
				IPHONEOS_DEPLOYMENT_TARGET = 13.7;
				MTL_ENABLE_DEBUG_INFO = INCLUDE_SOURCE;
				MTL_FAST_MATH = YES;
				ONLY_ACTIVE_ARCH = YES;
				SDKROOT = iphoneos;
				SWIFT_ACTIVE_COMPILATION_CONDITIONS = DEBUG;
				SWIFT_OPTIMIZATION_LEVEL = "-Onone";
			};
			name = Debug;
		};
		69D6A78F255D439100C8EC83 /* Release */ = {
			isa = XCBuildConfiguration;
			buildSettings = {
				ALWAYS_SEARCH_USER_PATHS = NO;
				CLANG_ANALYZER_NONNULL = YES;
				CLANG_ANALYZER_NUMBER_OBJECT_CONVERSION = YES_AGGRESSIVE;
				CLANG_CXX_LANGUAGE_STANDARD = "gnu++14";
				CLANG_CXX_LIBRARY = "libc++";
				CLANG_ENABLE_MODULES = YES;
				CLANG_ENABLE_OBJC_ARC = YES;
				CLANG_ENABLE_OBJC_WEAK = YES;
				CLANG_WARN_BLOCK_CAPTURE_AUTORELEASING = YES;
				CLANG_WARN_BOOL_CONVERSION = YES;
				CLANG_WARN_COMMA = YES;
				CLANG_WARN_CONSTANT_CONVERSION = YES;
				CLANG_WARN_DEPRECATED_OBJC_IMPLEMENTATIONS = YES;
				CLANG_WARN_DIRECT_OBJC_ISA_USAGE = YES_ERROR;
				CLANG_WARN_DOCUMENTATION_COMMENTS = YES;
				CLANG_WARN_EMPTY_BODY = YES;
				CLANG_WARN_ENUM_CONVERSION = YES;
				CLANG_WARN_INFINITE_RECURSION = YES;
				CLANG_WARN_INT_CONVERSION = YES;
				CLANG_WARN_NON_LITERAL_NULL_CONVERSION = YES;
				CLANG_WARN_OBJC_IMPLICIT_RETAIN_SELF = YES;
				CLANG_WARN_OBJC_LITERAL_CONVERSION = YES;
				CLANG_WARN_OBJC_ROOT_CLASS = YES_ERROR;
				CLANG_WARN_RANGE_LOOP_ANALYSIS = YES;
				CLANG_WARN_STRICT_PROTOTYPES = YES;
				CLANG_WARN_SUSPICIOUS_MOVE = YES;
				CLANG_WARN_UNGUARDED_AVAILABILITY = YES_AGGRESSIVE;
				CLANG_WARN_UNREACHABLE_CODE = YES;
				CLANG_WARN__DUPLICATE_METHOD_MATCH = YES;
				COPY_PHASE_STRIP = NO;
				DEBUG_INFORMATION_FORMAT = "dwarf-with-dsym";
				ENABLE_NS_ASSERTIONS = NO;
				ENABLE_STRICT_OBJC_MSGSEND = YES;
				GCC_C_LANGUAGE_STANDARD = gnu11;
				GCC_NO_COMMON_BLOCKS = YES;
				GCC_WARN_64_TO_32_BIT_CONVERSION = YES;
				GCC_WARN_ABOUT_RETURN_TYPE = YES_ERROR;
				GCC_WARN_UNDECLARED_SELECTOR = YES;
				GCC_WARN_UNINITIALIZED_AUTOS = YES_AGGRESSIVE;
				GCC_WARN_UNUSED_FUNCTION = YES;
				GCC_WARN_UNUSED_VARIABLE = YES;
				IPHONEOS_DEPLOYMENT_TARGET = 13.7;
				MTL_ENABLE_DEBUG_INFO = NO;
				MTL_FAST_MATH = YES;
				SDKROOT = iphoneos;
				SWIFT_COMPILATION_MODE = wholemodule;
				SWIFT_OPTIMIZATION_LEVEL = "-O";
				VALIDATE_PRODUCT = YES;
			};
			name = Release;
		};
		69D6A791255D439100C8EC83 /* Debug */ = {
			isa = XCBuildConfiguration;
			buildSettings = {
				ASSETCATALOG_COMPILER_APPICON_NAME = AppIcon;
				CODE_SIGN_STYLE = Automatic;
				DEVELOPMENT_TEAM = SLUU27FXWA;
				INFOPLIST_FILE = TODOList/Info.plist;
				LD_RUNPATH_SEARCH_PATHS = (
					"$(inherited)",
					"@executable_path/Frameworks",
				);
				PRODUCT_BUNDLE_IDENTIFIER = "legion-11.TODOList";
				PRODUCT_NAME = "$(TARGET_NAME)";
				SWIFT_VERSION = 5.0;
				TARGETED_DEVICE_FAMILY = "1,2";
			};
			name = Debug;
		};
		69D6A792255D439100C8EC83 /* Release */ = {
			isa = XCBuildConfiguration;
			buildSettings = {
				ASSETCATALOG_COMPILER_APPICON_NAME = AppIcon;
				CODE_SIGN_STYLE = Automatic;
				DEVELOPMENT_TEAM = SLUU27FXWA;
				INFOPLIST_FILE = TODOList/Info.plist;
				LD_RUNPATH_SEARCH_PATHS = (
					"$(inherited)",
					"@executable_path/Frameworks",
				);
				PRODUCT_BUNDLE_IDENTIFIER = "legion-11.TODOList";
				PRODUCT_NAME = "$(TARGET_NAME)";
				SWIFT_VERSION = 5.0;
				TARGETED_DEVICE_FAMILY = "1,2";
			};
			name = Release;
		};
/* End XCBuildConfiguration section */

/* Begin XCConfigurationList section */
		69D6A777255D438E00C8EC83 /* Build configuration list for PBXProject "TODOList" */ = {
			isa = XCConfigurationList;
			buildConfigurations = (
				69D6A78E255D439100C8EC83 /* Debug */,
				69D6A78F255D439100C8EC83 /* Release */,
			);
			defaultConfigurationIsVisible = 0;
			defaultConfigurationName = Release;
		};
		69D6A790255D439100C8EC83 /* Build configuration list for PBXNativeTarget "TODOList" */ = {
			isa = XCConfigurationList;
			buildConfigurations = (
				69D6A791255D439100C8EC83 /* Debug */,
				69D6A792255D439100C8EC83 /* Release */,
			);
			defaultConfigurationIsVisible = 0;
			defaultConfigurationName = Release;
		};
/* End XCConfigurationList section */
	};
	rootObject = 69D6A774255D438E00C8EC83 /* Project object */;
}
